
Microsoft Visual Studio Solution File, Format Version 12.00
# Visual Studio Version 17
VisualStudioVersion = 17.1.32210.238
MinimumVisualStudioVersion = 10.0.40219.1
Project("{FAE04EC0-301F-11D3-BF4B-00C04F79EFBC}") = "Day48ASP", "Day48ASP\Day48ASP.csproj", "{F2A0B0E1-7BB7-43AB-BE27-F8CDDC2AD216}"
EndProject
Project("{FAE04EC0-301F-11D3-BF4B-00C04F79EFBC}") = "Day48Demo.Services", "Day48Demo.Services\Day48Demo.Services.csproj", "{1890E6FA-B058-4D38-A2BB-1F0759DF9FA8}"
EndProject
Global
	GlobalSection(SolutionConfigurationPlatforms) = preSolution
		Debug|Any CPU = Debug|Any CPU
		Release|Any CPU = Release|Any CPU
	EndGlobalSection
	GlobalSection(ProjectConfigurationPlatforms) = postSolution
		{F2A0B0E1-7BB7-43AB-BE27-F8CDDC2AD216}.Debug|Any CPU.ActiveCfg = Debug|Any CPU
		{F2A0B0E1-7BB7-43AB-BE27-F8CDDC2AD216}.Debug|Any CPU.Build.0 = Debug|Any CPU
		{F2A0B0E1-7BB7-43AB-BE27-F8CDDC2AD216}.Release|Any CPU.ActiveCfg = Release|Any CPU
		{F2A0B0E1-7BB7-43AB-BE27-F8CDDC2AD216}.Release|Any CPU.Build.0 = Release|Any CPU
		{1890E6FA-B058-4D38-A2BB-1F0759DF9FA8}.Debug|Any CPU.ActiveCfg = Debug|Any CPU
		{1890E6FA-B058-4D38-A2BB-1F0759DF9FA8}.Debug|Any CPU.Build.0 = Debug|Any CPU
		{1890E6FA-B058-4D38-A2BB-1F0759DF9FA8}.Release|Any CPU.ActiveCfg = Release|Any CPU
		{1890E6FA-B058-4D38-A2BB-1F0759DF9FA8}.Release|Any CPU.Build.0 = Release|Any CPU
	EndGlobalSection
	GlobalSection(SolutionProperties) = preSolution
		HideSolutionNode = FALSE
	EndGlobalSection
	GlobalSection(ExtensibilityGlobals) = postSolution
		SolutionGuid = {BEE2228D-AD19-4C90-9BEE-7D3641252241}
	EndGlobalSection
EndGlobal
